
Microsoft Visual Studio Solution File, Format Version 12.00
# Visual Studio Version 17
VisualStudioVersion = 17.2.32616.157
MinimumVisualStudioVersion = 10.0.40219.1
Project("{8BC9CEB8-8B4A-11D0-8D11-00A0C91BC942}") = "Sandbox", "Sandbox\Sandbox.vcxproj", "{06828852-34AA-4C87-9CFC-1923A739DCD6}"
EndProject
Project("{8BC9CEB8-8B4A-11D0-8D11-00A0C91BC942}") = "Hazel", "Hazel\Hazel.vcxproj", "{A4B282A2-0776-407D-BB85-6D292650CA59}"
EndProject
Global
	GlobalSection(SolutionConfigurationPlatforms) = preSolution
		Debug|x64 = Debug|x64
		Release|x64 = Release|x64
	EndGlobalSection
	GlobalSection(ProjectConfigurationPlatforms) = postSolution
		{A4B282A2-0776-407D-BB85-6D292650CA59}.Debug|x64.ActiveCfg = Debug|x64
		{A4B282A2-0776-407D-BB85-6D292650CA59}.Debug|x64.Build.0 = Debug|x64
		{A4B282A2-0776-407D-BB85-6D292650CA59}.Release|x64.ActiveCfg = Release|x64
		{A4B282A2-0776-407D-BB85-6D292650CA59}.Release|x64.Build.0 = Release|x64
		{06828852-34AA-4C87-9CFC-1923A739DCD6}.Debug|x64.ActiveCfg = Debug|x64
		{06828852-34AA-4C87-9CFC-1923A739DCD6}.Debug|x64.Build.0 = Debug|x64
		{06828852-34AA-4C87-9CFC-1923A739DCD6}.Release|x64.ActiveCfg = Release|x64
		{06828852-34AA-4C87-9CFC-1923A739DCD6}.Release|x64.Build.0 = Release|x64
	EndGlobalSection
	GlobalSection(SolutionProperties) = preSolution
		HideSolutionNode = FALSE
	EndGlobalSection
	GlobalSection(ExtensibilityGlobals) = postSolution
		SolutionGuid = {79544AA1-251D-492D-910B-68337FFDAD0D}
	EndGlobalSection
EndGlobal
